{
  "name": "api-code-examples",
  "version": "0.22.0",
  "lockfileVersion": 3,
  "requires": true,
  "packages": {
    "": {
      "name": "api-code-examples",
      "version": "0.22.0",
      "license": "MIT",
      "dependencies": {
        "@number0/iroh": "=0.22.1-test5"
      }
    },
    "node_modules/@number0/iroh": {
      "version": "0.22.1-test5",
      "resolved": "https://registry.npmjs.org/@number0/iroh/-/iroh-0.22.1-test5.tgz",
      "integrity": "sha512-xMyLNKSyjpEXAcwgXmBKUFYvDzI+HJIPLF77sMMPPyvo1VgYAxFi0B/TbPRM/kfUA8V7PG2Ji3IJtOJuoAHFLQ==",
      "license": "MIT OR Apache-2.0",
      "engines": {
        "node": ">= 20.3.0"
      },
      "optionalDependencies": {
        "@number0/iroh-android-arm-eabi": "0.22.1-test5",
        "@number0/iroh-android-arm64": "0.22.1-test5",
        "@number0/iroh-darwin-arm64": "0.22.1-test5",
        "@number0/iroh-darwin-universal": "0.22.1-test5",
        "@number0/iroh-linux-arm-gnueabihf": "0.22.1-test5",
        "@number0/iroh-linux-arm-musleabihf": "0.22.1-test5",
        "@number0/iroh-linux-arm64-gnu": "0.22.1-test5",
        "@number0/iroh-linux-arm64-musl": "0.22.1-test5",
        "@number0/iroh-linux-x64-gnu": "0.22.1-test5",
        "@number0/iroh-linux-x64-musl": "0.22.1-test5",
        "@number0/iroh-win32-arm64-msvc": "0.22.1-test5",
        "@number0/iroh-win32-x64-msvc": "0.22.1-test5"
      }
    },
    "node_modules/@number0/iroh-android-arm-eabi": {
      "version": "0.22.1-test5",
      "resolved": "https://registry.npmjs.org/@number0/iroh-android-arm-eabi/-/iroh-android-arm-eabi-0.22.1-test5.tgz",
      "integrity": "sha512-2pH0KE2rrFAFE4LQtcK48Su1w9sSg41cMcT+sNli7lVAuXBrhE+DLFcqUjJBhNxsvNKi/8YSymP5bAz0ksvOHQ==",
      "cpu": [
        "arm"
      ],
      "license": "MIT",
      "optional": true,
      "os": [
        "android"
      ],
      "engines": {
        "node": ">= 10"
      }
    },
    "node_modules/@number0/iroh-android-arm64": {
      "version": "0.22.1-test5",
      "resolved": "https://registry.npmjs.org/@number0/iroh-android-arm64/-/iroh-android-arm64-0.22.1-test5.tgz",
      "integrity": "sha512-eLzBhrZSjNRpL5vkJI7nYr+YrFl5G7UtiuL1Vf5g8THlgEEagCxKgAgqjfvT6wtJbhjATwnHTEKJ1dkVfNb7Jg==",
      "cpu": [
        "arm64"
      ],
      "license": "MIT",
      "optional": true,
      "os": [
        "android"
      ],
      "engines": {
        "node": ">= 10"
      }
    },
    "node_modules/@number0/iroh-darwin-arm64": {
      "version": "0.22.1-test5",
      "resolved": "https://registry.npmjs.org/@number0/iroh-darwin-arm64/-/iroh-darwin-arm64-0.22.1-test5.tgz",
      "integrity": "sha512-zImGnJZFkfo6JKL2lg7m664AyeXFbS8ym3zLb0/qklbOW3XUMwuhcg8DwXA5n0u6ob9ysNN85peWJLEtiA6ThQ==",
      "cpu": [
        "arm64"
      ],
      "license": "MIT",
      "optional": true,
      "os": [
        "darwin"
      ],
      "engines": {
        "node": ">= 10"
      }
    },
    "node_modules/@number0/iroh-darwin-universal": {
      "version": "0.22.1-test5",
      "resolved": "https://registry.npmjs.org/@number0/iroh-darwin-universal/-/iroh-darwin-universal-0.22.1-test5.tgz",
      "integrity": "sha512-yPaCIyL6ZLn4AdsF0iBVCsRyOP0OTzCPaziE3e+/g6k0/2GlnhKzocLOJf20pcJO5xAnzmjX8+KYStVFPzAnWQ==",
      "license": "MIT",
      "optional": true,
      "os": [
        "darwin"
      ],
      "engines": {
        "node": ">= 10"
      }
    },
    "node_modules/@number0/iroh-linux-arm-gnueabihf": {
      "version": "0.22.1-test5",
      "resolved": "https://registry.npmjs.org/@number0/iroh-linux-arm-gnueabihf/-/iroh-linux-arm-gnueabihf-0.22.1-test5.tgz",
      "integrity": "sha512-37OskfBWANwO0rE1bqdEoBBxmWL2pY9Q4fRERk8I/UmBHwAojSEV//u4fUboY151wVdoFaJrqTYb+qNdUlnt6g==",
      "cpu": [
        "arm"
      ],
      "license": "MIT",
      "optional": true,
      "os": [
        "linux"
      ],
      "engines": {
        "node": ">= 10"
      }
    },
    "node_modules/@number0/iroh-linux-arm64-gnu": {
      "version": "0.22.1-test5",
      "resolved": "https://registry.npmjs.org/@number0/iroh-linux-arm64-gnu/-/iroh-linux-arm64-gnu-0.22.1-test5.tgz",
      "integrity": "sha512-u7faYtXy+jWEtpdSPvDFrGCi9IAkoGaAgoGiszHUzC9KzDcoMV9H+S0/k6vf3aUGklJZlY+ZwR/EbX69W7UDjQ==",
      "cpu": [
        "arm64"
      ],
      "license": "MIT",
      "optional": true,
      "os": [
        "linux"
      ],
      "engines": {
        "node": ">= 10"
      }
    },
    "node_modules/@number0/iroh-linux-arm64-musl": {
      "version": "0.22.1-test5",
      "resolved": "https://registry.npmjs.org/@number0/iroh-linux-arm64-musl/-/iroh-linux-arm64-musl-0.22.1-test5.tgz",
      "integrity": "sha512-vkVn1PTNGMq8ctibihPnnELkVj8SDxtt2GyNx8/O3i/dq0hSf94MwmgCaigCX392jiB6Dh6bft9MuUJTAgF43g==",
      "cpu": [
        "arm64"
      ],
      "license": "MIT",
      "optional": true,
      "os": [
        "linux"
      ],
      "engines": {
        "node": ">= 10"
      }
    },
    "node_modules/@number0/iroh-linux-x64-gnu": {
      "version": "0.22.1-test5",
      "resolved": "https://registry.npmjs.org/@number0/iroh-linux-x64-gnu/-/iroh-linux-x64-gnu-0.22.1-test5.tgz",
      "integrity": "sha512-XIrUnfI7kBfZkBO+cT0PDDrPzC0H76GzR+8ZSVfRMYLIQCrJIOiueAW+sMebVx1Q9ywJ/Y2l0WUqA/jHrldzuQ==",
      "cpu": [
        "x64"
      ],
      "license": "MIT",
      "optional": true,
      "os": [
        "linux"
      ],
      "engines": {
        "node": ">= 10"
      }
    },
    "node_modules/@number0/iroh-linux-x64-musl": {
      "version": "0.22.1-test5",
      "resolved": "https://registry.npmjs.org/@number0/iroh-linux-x64-musl/-/iroh-linux-x64-musl-0.22.1-test5.tgz",
      "integrity": "sha512-HJBxciv3hqEd2w/mZ1s0oJUVRj9W3Ao9J3LR3akw72a6GcrywxE20W5OnuopDYvpQQRfNyNBR1as6UAnfyB8/A==",
      "cpu": [
        "x64"
      ],
      "license": "MIT",
      "optional": true,
      "os": [
        "linux"
      ],
      "engines": {
        "node": ">= 10"
      }
    },
    "node_modules/@number0/iroh-win32-arm64-msvc": {
      "version": "0.22.1-test5",
      "resolved": "https://registry.npmjs.org/@number0/iroh-win32-arm64-msvc/-/iroh-win32-arm64-msvc-0.22.1-test5.tgz",
      "integrity": "sha512-xbrMGch9x4CkIiprsAl94XBv2J5KVbTKJbPXoQKpEJ0lpHpNx43ehDMhrVai/z+1Lhbmev8iWTls9R/W/3sZdg==",
      "cpu": [
        "arm64"
      ],
      "license": "MIT",
      "optional": true,
      "os": [
        "win32"
      ],
      "engines": {
        "node": ">= 10"
      }
    },
    "node_modules/@number0/iroh-win32-x64-msvc": {
      "version": "0.22.1-test5",
      "resolved": "https://registry.npmjs.org/@number0/iroh-win32-x64-msvc/-/iroh-win32-x64-msvc-0.22.1-test5.tgz",
      "integrity": "sha512-Di1HQ4464uJIJdiR6F8TsksxaXUxQWPw5q4aGrEDbM/Gn69Y6JznnhG3llLfHhNdmFSvMeBs0iL7FGJx36tOXw==",
      "cpu": [
        "x64"
      ],
      "license": "MIT",
      "optional": true,
      "os": [
        "win32"
      ],
      "engines": {
        "node": ">= 10"
      }
    }
  }
}
